{
  "name": "AdventOfCode",
  "lockfileVersion": 3,
  "requires": true,
  "packages": {
    "": {
      "devDependencies": {
        "eslint-config-emarsys": "^5.1.0",
        "eslint-plugin-security": "^3.0.1"
      }
    },
    "node_modules/eslint-config-emarsys": {
      "version": "5.1.0",
      "resolved": "https://registry.npmjs.org/eslint-config-emarsys/-/eslint-config-emarsys-5.1.0.tgz",
      "integrity": "sha512-nmtJrtl7FAItCdUVp9eu5jAKOsgMpskFB4hOTD1J1XPuEKJSVuNLfm0JL1o7ekjydslowV/CcAjnZAiQFrvbsQ==",
      "dev": true,
      "license": "MIT",
      "dependencies": {
        "eslint-plugin-no-only-tests": "2.0.0",
        "eslint-plugin-security": "1.2.0"
      }
    },
    "node_modules/eslint-config-emarsys/node_modules/eslint-plugin-security": {
      "version": "1.2.0",
      "resolved": "https://registry.npmjs.org/eslint-plugin-security/-/eslint-plugin-security-1.2.0.tgz",
      "integrity": "sha512-CJn6hhisr6WAtUtwi0YihhLKsPylKkrlhxMQdLZBrrIk2fqG7qG9TzuPibMPd7gYN4KRfhy9sdiuQhHinrrDUQ==",
      "dev": true,
      "license": "Apache-2.0",
      "dependencies": {
        "safe-regex": "^1.1.0"
      }
    },
    "node_modules/eslint-config-emarsys/node_modules/safe-regex": {
      "version": "1.1.0",
      "resolved": "https://registry.npmjs.org/safe-regex/-/safe-regex-1.1.0.tgz",
      "integrity": "sha512-aJXcif4xnaNUzvUuC5gcb46oTS7zvg4jpMTnuqtrEPlR3vFr4pxtdTwaF1Qs3Enjn9HK+ZlwQui+a7z0SywIzg==",
      "dev": true,
      "license": "MIT",
      "dependencies": {
        "ret": "~0.1.10"
      }
    },
    "node_modules/eslint-plugin-no-only-tests": {
      "version": "2.0.0",
      "resolved": "https://registry.npmjs.org/eslint-plugin-no-only-tests/-/eslint-plugin-no-only-tests-2.0.0.tgz",
      "integrity": "sha512-1huEDo1+Yu2thtdxxzkB0lfPlD1ltNqxyFAO4HfFjB5AVh7FCsAENtJtCjMXmUjyCKgeF1bTnDFJqpIWMkdZtA==",
      "dev": true,
      "license": "MIT",
      "engines": {
        "node": ">=4.0.0"
      }
    },
    "node_modules/eslint-plugin-security": {
      "version": "3.0.1",
      "resolved": "https://registry.npmjs.org/eslint-plugin-security/-/eslint-plugin-security-3.0.1.tgz",
      "integrity": "sha512-XjVGBhtDZJfyuhIxnQ/WMm385RbX3DBu7H1J7HNNhmB2tnGxMeqVSnYv79oAj992ayvIBZghsymwkYFS6cGH4Q==",
      "dev": true,
      "license": "Apache-2.0",
      "dependencies": {
        "safe-regex": "^2.1.1"
      },
      "engines": {
        "node": "^18.18.0 || ^20.9.0 || >=21.1.0"
      },
      "funding": {
        "url": "https://opencollective.com/eslint"
      }
    },
    "node_modules/regexp-tree": {
      "version": "0.1.27",
      "resolved": "https://registry.npmjs.org/regexp-tree/-/regexp-tree-0.1.27.tgz",
      "integrity": "sha512-iETxpjK6YoRWJG5o6hXLwvjYAoW+FEZn9os0PD/b6AP6xQwsa/Y7lCVgIixBbUPMfhu+i2LtdeAqVTgGlQarfA==",
      "dev": true,
      "license": "MIT",
      "bin": {
        "regexp-tree": "bin/regexp-tree"
      }
    },
    "node_modules/ret": {
      "version": "0.1.15",
      "resolved": "https://registry.npmjs.org/ret/-/ret-0.1.15.tgz",
      "integrity": "sha512-TTlYpa+OL+vMMNG24xSlQGEJ3B/RzEfUlLct7b5G/ytav+wPrplCpVMFuwzXbkecJrb6IYo1iFb0S9v37754mg==",
      "dev": true,
      "license": "MIT",
      "engines": {
        "node": ">=0.12"
      }
    },
    "node_modules/safe-regex": {
      "version": "2.1.1",
      "resolved": "https://registry.npmjs.org/safe-regex/-/safe-regex-2.1.1.tgz",
      "integrity": "sha512-rx+x8AMzKb5Q5lQ95Zoi6ZbJqwCLkqi3XuJXp5P3rT8OEc6sZCJG5AE5dU3lsgRr/F4Bs31jSlVN+j5KrsGu9A==",
      "dev": true,
      "license": "MIT",
      "dependencies": {
        "regexp-tree": "~0.1.1"
      }
    }
  }
}
